
Microsoft Visual Studio Solution File, Format Version 12.00
# Visual Studio 15
VisualStudioVersion = 15.0.27703.2042
MinimumVisualStudioVersion = 10.0.40219.1
Project("{FAE04EC0-301F-11D3-BF4B-00C04F79EFBC}") = "Dishwasher", "Dishwasher\Dishwasher.csproj", "{BCB706EE-F8C8-4CCF-933C-C125A8D9AEAA}"
EndProject
Global
	GlobalSection(SolutionConfigurationPlatforms) = preSolution
		Debug|Any CPU = Debug|Any CPU
		Release|Any CPU = Release|Any CPU
	EndGlobalSection
	GlobalSection(ProjectConfigurationPlatforms) = postSolution
		{BCB706EE-F8C8-4CCF-933C-C125A8D9AEAA}.Debug|Any CPU.ActiveCfg = Debug|Any CPU
		{BCB706EE-F8C8-4CCF-933C-C125A8D9AEAA}.Debug|Any CPU.Build.0 = Debug|Any CPU
		{BCB706EE-F8C8-4CCF-933C-C125A8D9AEAA}.Release|Any CPU.ActiveCfg = Release|Any CPU
		{BCB706EE-F8C8-4CCF-933C-C125A8D9AEAA}.Release|Any CPU.Build.0 = Release|Any CPU
	EndGlobalSection
	GlobalSection(SolutionProperties) = preSolution
		HideSolutionNode = FALSE
	EndGlobalSection
	GlobalSection(ExtensibilityGlobals) = postSolution
		SolutionGuid = {EB1B2CA7-FA86-4239-956F-E005F8FC74AE}
	EndGlobalSection
EndGlobal
