
Microsoft Visual Studio Solution File, Format Version 12.00
# Visual Studio 15
VisualStudioVersion = 15.0.27703.2035
MinimumVisualStudioVersion = 10.0.40219.1
Project("{FAE04EC0-301F-11D3-BF4B-00C04F79EFBC}") = "Sum", "Sum\Sum.csproj", "{51A6CE96-5498-44D6-BC56-35D130B1F81E}"
EndProject
Global
	GlobalSection(SolutionConfigurationPlatforms) = preSolution
		Debug|Any CPU = Debug|Any CPU
		Release|Any CPU = Release|Any CPU
	EndGlobalSection
	GlobalSection(ProjectConfigurationPlatforms) = postSolution
		{51A6CE96-5498-44D6-BC56-35D130B1F81E}.Debug|Any CPU.ActiveCfg = Debug|Any CPU
		{51A6CE96-5498-44D6-BC56-35D130B1F81E}.Debug|Any CPU.Build.0 = Debug|Any CPU
		{51A6CE96-5498-44D6-BC56-35D130B1F81E}.Release|Any CPU.ActiveCfg = Release|Any CPU
		{51A6CE96-5498-44D6-BC56-35D130B1F81E}.Release|Any CPU.Build.0 = Release|Any CPU
	EndGlobalSection
	GlobalSection(SolutionProperties) = preSolution
		HideSolutionNode = FALSE
	EndGlobalSection
	GlobalSection(ExtensibilityGlobals) = postSolution
		SolutionGuid = {3F27F1A9-0C91-4023-8C88-ECBFB605A629}
	EndGlobalSection
EndGlobal
